
Microsoft Visual Studio Solution File, Format Version 12.00
# Visual Studio 15
VisualStudioVersion = 15.0.28010.2048
MinimumVisualStudioVersion = 10.0.40219.1
Project("{FAE04EC0-301F-11D3-BF4B-00C04F79EFBC}") = "Assignment2", "Assignment2\Assignment2.csproj", "{19D36F38-3446-4CB9-A77F-E5691CC06427}"
EndProject
Global
	GlobalSection(SolutionConfigurationPlatforms) = preSolution
		Debug|Any CPU = Debug|Any CPU
		Release|Any CPU = Release|Any CPU
	EndGlobalSection
	GlobalSection(ProjectConfigurationPlatforms) = postSolution
		{19D36F38-3446-4CB9-A77F-E5691CC06427}.Debug|Any CPU.ActiveCfg = Debug|Any CPU
		{19D36F38-3446-4CB9-A77F-E5691CC06427}.Debug|Any CPU.Build.0 = Debug|Any CPU
		{19D36F38-3446-4CB9-A77F-E5691CC06427}.Release|Any CPU.ActiveCfg = Release|Any CPU
		{19D36F38-3446-4CB9-A77F-E5691CC06427}.Release|Any CPU.Build.0 = Release|Any CPU
	EndGlobalSection
	GlobalSection(SolutionProperties) = preSolution
		HideSolutionNode = FALSE
	EndGlobalSection
	GlobalSection(ExtensibilityGlobals) = postSolution
		SolutionGuid = {A98261D3-6A6A-462D-9091-6266892BF32B}
	EndGlobalSection
EndGlobal
